
Microsoft Visual Studio Solution File, Format Version 12.00
# Visual Studio Version 16
VisualStudioVersion = 16.0.29509.3
MinimumVisualStudioVersion = 10.0.40219.1
Project("{FAE04EC0-301F-11D3-BF4B-00C04F79EFBC}") = "MergeSortedList", "MergeSortedList\MergeSortedList.csproj", "{39B1C1B4-4CE7-46B5-BCD2-39B5AD4B10B0}"
EndProject
Global
	GlobalSection(SolutionConfigurationPlatforms) = preSolution
		Debug|Any CPU = Debug|Any CPU
		Release|Any CPU = Release|Any CPU
	EndGlobalSection
	GlobalSection(ProjectConfigurationPlatforms) = postSolution
		{39B1C1B4-4CE7-46B5-BCD2-39B5AD4B10B0}.Debug|Any CPU.ActiveCfg = Debug|Any CPU
		{39B1C1B4-4CE7-46B5-BCD2-39B5AD4B10B0}.Debug|Any CPU.Build.0 = Debug|Any CPU
		{39B1C1B4-4CE7-46B5-BCD2-39B5AD4B10B0}.Release|Any CPU.ActiveCfg = Release|Any CPU
		{39B1C1B4-4CE7-46B5-BCD2-39B5AD4B10B0}.Release|Any CPU.Build.0 = Release|Any CPU
	EndGlobalSection
	GlobalSection(SolutionProperties) = preSolution
		HideSolutionNode = FALSE
	EndGlobalSection
	GlobalSection(ExtensibilityGlobals) = postSolution
		SolutionGuid = {E74DED76-8123-485A-BF1E-E855E2005E5B}
	EndGlobalSection
EndGlobal
